{
  "nodes": {
    "nixpkgs": {
      "locked": {
        "lastModified": 1697552053,
        "narHash": "sha256-q4m+Pq8IhyKFaaUQPAKVmXPDFoBeQQilhQckGF4/F5w=",
        "owner": "nikstur",
        "repo": "nixpkgs",
        "rev": "f16c3bd7532516da0b73aa6808f9b5e48c785cc5",
        "type": "github"
      },
      "original": {
        "owner": "nikstur",
        "ref": "perlless-activation",
        "repo": "nixpkgs",
        "type": "github"
      }
    },
    "nixpkgs-vanilla": {
      "locked": {
        "lastModified": 1697059129,
        "narHash": "sha256-9NJcFF9CEYPvHJ5ckE8kvINvI84SZZ87PvqMbH6pro0=",
        "owner": "NixOS",
        "repo": "nixpkgs",
        "rev": "5e4c2ada4fcd54b99d56d7bd62f384511a7e2593",
        "type": "github"
      },
      "original": {
        "owner": "NixOS",
        "ref": "nixos-unstable",
        "repo": "nixpkgs",
        "type": "github"
      }
    },
    "root": {
      "inputs": {
        "nixpkgs": "nixpkgs",
        "nixpkgs-vanilla": "nixpkgs-vanilla"
      }
    }
  },
  "root": "root",
  "version": 7
}
