{
  "nodes": {
    "nixpkgs": {
      "locked": {
        "lastModified": 1697464598,
        "narHash": "sha256-XWr2EW7+KcVY9Y9l9Nk9s3bDGx9tSVNPEUGHcx2woOg=",
        "owner": "nikstur",
        "repo": "nixpkgs",
        "rev": "cf2ee37115f49f0c009f670e7b0a4e687ec037d6",
        "type": "github"
      },
      "original": {
        "owner": "nikstur",
        "ref": "perlless-activation",
        "repo": "nixpkgs",
        "type": "github"
      }
    },
    "root": {
      "inputs": {
        "nixpkgs": "nixpkgs"
      }
    }
  },
  "root": "root",
  "version": 7
}
