{
  "nodes": {
    "nixpkgs": {
      "locked": {
        "lastModified": 1697471852,
        "narHash": "sha256-LJB494O+ndWlzJdxBMACcprENZxLL8oAg2Lckd498W4=",
        "owner": "nikstur",
        "repo": "nixpkgs",
        "rev": "1d639c7295c94e2ad89d948f2af0fcc0111cc31e",
        "type": "github"
      },
      "original": {
        "owner": "nikstur",
        "ref": "perlless-activation",
        "repo": "nixpkgs",
        "type": "github"
      }
    },
    "nixpkgs-vanilla": {
      "locked": {
        "lastModified": 1697059129,
        "narHash": "sha256-9NJcFF9CEYPvHJ5ckE8kvINvI84SZZ87PvqMbH6pro0=",
        "owner": "NixOS",
        "repo": "nixpkgs",
        "rev": "5e4c2ada4fcd54b99d56d7bd62f384511a7e2593",
        "type": "github"
      },
      "original": {
        "owner": "NixOS",
        "ref": "nixos-unstable",
        "repo": "nixpkgs",
        "type": "github"
      }
    },
    "root": {
      "inputs": {
        "nixpkgs": "nixpkgs",
        "nixpkgs-vanilla": "nixpkgs-vanilla"
      }
    }
  },
  "root": "root",
  "version": 7
}
